
Microsoft Visual Studio Solution File, Format Version 12.00
# Visual Studio Version 17
VisualStudioVersion = 17.2.32630.192
MinimumVisualStudioVersion = 10.0.40219.1
Project("{FAE04EC0-301F-11D3-BF4B-00C04F79EFBC}") = "SolidRectangle", "ConsoleApp1\SolidRectangle.csproj", "{F44FE942-CDE2-4AA4-9AE5-E4DBA273073D}"
EndProject
Project("{FAE04EC0-301F-11D3-BF4B-00C04F79EFBC}") = "HollowRectangle", "HollowRectangle\HollowRectangle.csproj", "{07950A58-1F2A-4E26-9878-8BD61CC04AD0}"
EndProject
Project("{FAE04EC0-301F-11D3-BF4B-00C04F79EFBC}") = "HalfPyramid", "HalfPyramid\HalfPyramid.csproj", "{2CAD0CAE-CB0F-45B3-AE4A-C58A859F2356}"
EndProject
Project("{FAE04EC0-301F-11D3-BF4B-00C04F79EFBC}") = "InvertedHalfPyramid", "InvertedHalfPyramid\InvertedHalfPyramid.csproj", "{98B12114-1E11-4C60-AC8A-5D7A800CB0F0}"
EndProject
Project("{FAE04EC0-301F-11D3-BF4B-00C04F79EFBC}") = "InvertedHalfHollowPyramid", "InvertedHalfHollowPyramid\InvertedHalfHollowPyramid.csproj", "{04B2E733-EA8E-4AD6-9313-90F9D730B9E7}"
EndProject
Project("{FAE04EC0-301F-11D3-BF4B-00C04F79EFBC}") = "FullPyramid", "FullPyramid\FullPyramid.csproj", "{5ADF38AA-60C2-4AAF-B1D7-1184E3D987F4}"
EndProject
Project("{FAE04EC0-301F-11D3-BF4B-00C04F79EFBC}") = "HollowRectangleWithMidSupport", "HollowRectangleWithMidSupport\HollowRectangleWithMidSupport.csproj", "{5488569E-DD5F-4CE4-9E3E-E8795F68E488}"
EndProject
Global
	GlobalSection(SolutionConfigurationPlatforms) = preSolution
		Debug|Any CPU = Debug|Any CPU
		Release|Any CPU = Release|Any CPU
	EndGlobalSection
	GlobalSection(ProjectConfigurationPlatforms) = postSolution
		{F44FE942-CDE2-4AA4-9AE5-E4DBA273073D}.Debug|Any CPU.ActiveCfg = Debug|Any CPU
		{F44FE942-CDE2-4AA4-9AE5-E4DBA273073D}.Debug|Any CPU.Build.0 = Debug|Any CPU
		{F44FE942-CDE2-4AA4-9AE5-E4DBA273073D}.Release|Any CPU.ActiveCfg = Release|Any CPU
		{F44FE942-CDE2-4AA4-9AE5-E4DBA273073D}.Release|Any CPU.Build.0 = Release|Any CPU
		{07950A58-1F2A-4E26-9878-8BD61CC04AD0}.Debug|Any CPU.ActiveCfg = Debug|Any CPU
		{07950A58-1F2A-4E26-9878-8BD61CC04AD0}.Debug|Any CPU.Build.0 = Debug|Any CPU
		{07950A58-1F2A-4E26-9878-8BD61CC04AD0}.Release|Any CPU.ActiveCfg = Release|Any CPU
		{07950A58-1F2A-4E26-9878-8BD61CC04AD0}.Release|Any CPU.Build.0 = Release|Any CPU
		{2CAD0CAE-CB0F-45B3-AE4A-C58A859F2356}.Debug|Any CPU.ActiveCfg = Debug|Any CPU
		{2CAD0CAE-CB0F-45B3-AE4A-C58A859F2356}.Debug|Any CPU.Build.0 = Debug|Any CPU
		{2CAD0CAE-CB0F-45B3-AE4A-C58A859F2356}.Release|Any CPU.ActiveCfg = Release|Any CPU
		{2CAD0CAE-CB0F-45B3-AE4A-C58A859F2356}.Release|Any CPU.Build.0 = Release|Any CPU
		{98B12114-1E11-4C60-AC8A-5D7A800CB0F0}.Debug|Any CPU.ActiveCfg = Debug|Any CPU
		{98B12114-1E11-4C60-AC8A-5D7A800CB0F0}.Debug|Any CPU.Build.0 = Debug|Any CPU
		{98B12114-1E11-4C60-AC8A-5D7A800CB0F0}.Release|Any CPU.ActiveCfg = Release|Any CPU
		{98B12114-1E11-4C60-AC8A-5D7A800CB0F0}.Release|Any CPU.Build.0 = Release|Any CPU
		{04B2E733-EA8E-4AD6-9313-90F9D730B9E7}.Debug|Any CPU.ActiveCfg = Debug|Any CPU
		{04B2E733-EA8E-4AD6-9313-90F9D730B9E7}.Debug|Any CPU.Build.0 = Debug|Any CPU
		{04B2E733-EA8E-4AD6-9313-90F9D730B9E7}.Release|Any CPU.ActiveCfg = Release|Any CPU
		{04B2E733-EA8E-4AD6-9313-90F9D730B9E7}.Release|Any CPU.Build.0 = Release|Any CPU
		{5ADF38AA-60C2-4AAF-B1D7-1184E3D987F4}.Debug|Any CPU.ActiveCfg = Debug|Any CPU
		{5ADF38AA-60C2-4AAF-B1D7-1184E3D987F4}.Debug|Any CPU.Build.0 = Debug|Any CPU
		{5ADF38AA-60C2-4AAF-B1D7-1184E3D987F4}.Release|Any CPU.ActiveCfg = Release|Any CPU
		{5ADF38AA-60C2-4AAF-B1D7-1184E3D987F4}.Release|Any CPU.Build.0 = Release|Any CPU
		{5488569E-DD5F-4CE4-9E3E-E8795F68E488}.Debug|Any CPU.ActiveCfg = Debug|Any CPU
		{5488569E-DD5F-4CE4-9E3E-E8795F68E488}.Debug|Any CPU.Build.0 = Debug|Any CPU
		{5488569E-DD5F-4CE4-9E3E-E8795F68E488}.Release|Any CPU.ActiveCfg = Release|Any CPU
		{5488569E-DD5F-4CE4-9E3E-E8795F68E488}.Release|Any CPU.Build.0 = Release|Any CPU
	EndGlobalSection
	GlobalSection(SolutionProperties) = preSolution
		HideSolutionNode = FALSE
	EndGlobalSection
	GlobalSection(ExtensibilityGlobals) = postSolution
		SolutionGuid = {5335CF07-C84A-4C8D-BDDE-1CCBB98505F1}
	EndGlobalSection
EndGlobal
